{
  "version": 4,
  "terraform_version": "1.0.7",
  "serial": 5,
  "lineage": "29f1f72c-30bd-194f-1fb1-86c661cf9a27",
  "outputs": {},
  "resources": [
    {
      "mode": "managed",
      "type": "docker_image",
      "name": "mysql_image",
      "provider": "provider[\"registry.terraform.io/kreuzwerker/docker\"]",
      "instances": [
        {
          "schema_version": 0,
          "attributes": {
            "build": [],
            "force_remove": null,
            "id": "sha256:1d7aba9171693947d53f474014821972bf25d72b7d143ce4af4c8d8484623417mysql:5.7",
            "keep_locally": null,
            "latest": "sha256:1d7aba9171693947d53f474014821972bf25d72b7d143ce4af4c8d8484623417",
            "name": "mysql:5.7",
            "output": null,
            "pull_trigger": null,
            "pull_triggers": null
          },
          "sensitive_attributes": [],
          "private": "bnVsbA=="
        }
      ]
    },
    {
      "mode": "managed",
      "type": "docker_network",
      "name": "private_bridge_network",
      "provider": "provider[\"registry.terraform.io/kreuzwerker/docker\"]",
      "instances": [
        {
          "schema_version": 1,
          "attributes": {
            "attachable": false,
            "check_duplicate": null,
            "driver": "bridge",
            "id": "7ef0792d8ba1cae473766796fb583122a53fe9739639f7eebb2e514158634334",
            "ingress": false,
            "internal": true,
            "ipam_config": [
              {
                "aux_address": {},
                "gateway": "172.18.0.1",
                "ip_range": "",
                "subnet": "172.18.0.0/16"
              }
            ],
            "ipam_driver": "default",
            "ipv6": false,
            "labels": [],
            "name": "mysql_internal_network",
            "options": {},
            "scope": "local"
          },
          "sensitive_attributes": [],
          "private": "eyJzY2hlbWFfdmVyc2lvbiI6IjEifQ=="
        }
      ]
    },
    {
      "mode": "managed",
      "type": "docker_volume",
      "name": "my_sql_volume",
      "provider": "provider[\"registry.terraform.io/kreuzwerker/docker\"]",
      "instances": [
        {
          "schema_version": 1,
          "attributes": {
            "driver": "local",
            "driver_opts": null,
            "id": "mysql_data",
            "labels": [],
            "mountpoint": "/var/lib/docker/volumes/mysql_data/_data",
            "name": "mysql_data"
          },
          "sensitive_attributes": [],
          "private": "eyJzY2hlbWFfdmVyc2lvbiI6IjEifQ=="
        }
      ]
    }
  ]
}
