{
  "version": 4,
  "terraform_version": "1.0.7",
  "serial": 3,
  "lineage": "d24e7223-c59e-571d-7dbe-4eaf5eb42b85",
  "outputs": {},
  "resources": [
    {
      "mode": "managed",
      "type": "docker_container",
      "name": "ghost_container",
      "provider": "provider[\"registry.terraform.io/kreuzwerker/docker\"]",
      "instances": []
    },
    {
      "mode": "managed",
      "type": "docker_image",
      "name": "image_id",
      "provider": "provider[\"registry.terraform.io/kreuzwerker/docker\"]",
      "instances": [
        {
          "schema_version": 0,
          "attributes": {
            "build": [],
            "force_remove": null,
            "id": "sha256:289804151bdc70d43bef2d28542fa5ebbd59ff158805395a8fbdecf83e4b0326ghost:alpine",
            "keep_locally": null,
            "latest": "sha256:289804151bdc70d43bef2d28542fa5ebbd59ff158805395a8fbdecf83e4b0326",
            "name": "ghost:alpine",
            "output": null,
            "pull_trigger": null,
            "pull_triggers": null
          },
          "sensitive_attributes": [],
          "private": "bnVsbA=="
        }
      ]
    }
  ]
}
